
Microsoft Visual Studio Solution File, Format Version 12.00
# Visual Studio Version 17
VisualStudioVersion = 17.0.32014.148
MinimumVisualStudioVersion = 10.0.40219.1
Project("{2150E333-8FDC-42A3-9474-1A3956D46DE8}") = "Services", "Services", "{EB40785E-EE7A-4CA6-8F03-97C45B14EA0E}"
EndProject
Project("{2150E333-8FDC-42A3-9474-1A3956D46DE8}") = "Catalog", "Catalog", "{68D62DD9-4299-4CDA-99C5-2578432A65E3}"
EndProject
Project("{9A19103F-16F7-4668-BE54-9A1E7A4F7556}") = "Courses.Services.Catalog", "Services\Catalog\Courses.Services.Catalog\Courses.Services.Catalog.csproj", "{52B02E5F-354F-4920-9601-5A379EBE4C37}"
EndProject
Project("{2150E333-8FDC-42A3-9474-1A3956D46DE8}") = "Solution Items", "Solution Items", "{FB37F0C7-8EF2-484D-B132-FB75363E72EA}"
	ProjectSection(SolutionItems) = preProject
		Ports.txt = Ports.txt
	EndProjectSection
EndProject
Project("{2150E333-8FDC-42A3-9474-1A3956D46DE8}") = "Shared", "Shared", "{27E1A923-1C88-4D72-AEED-079DF9CE5F92}"
EndProject
Project("{9A19103F-16F7-4668-BE54-9A1E7A4F7556}") = "Courses.Shared", "Shared\Courses.Shared\Courses.Shared.csproj", "{AEE12A5C-F395-45B8-BA23-E655CB3F21A5}"
EndProject
Project("{2150E333-8FDC-42A3-9474-1A3956D46DE8}") = "IdentityServer", "IdentityServer", "{B3A504C7-4B71-44DF-928A-BDA23321FA8D}"
EndProject
Project("{9A19103F-16F7-4668-BE54-9A1E7A4F7556}") = "Courses.IdentityServer", "IdentityServer\Courses.IdentityServer\Courses.IdentityServer.csproj", "{A8008427-4169-4D9E-8B70-E4475D46C625}"
EndProject
Project("{2150E333-8FDC-42A3-9474-1A3956D46DE8}") = "PhotoStock", "PhotoStock", "{49F03043-4E1B-4983-B790-ACB269CA7BD3}"
EndProject
Project("{9A19103F-16F7-4668-BE54-9A1E7A4F7556}") = "Courses.Services.PhotoStock", "Services\PhotoStock\Courses.Services.PhotoStock\Courses.Services.PhotoStock.csproj", "{A7CA7C8D-82CD-4406-A303-2BD36BD4C72F}"
EndProject
Project("{2150E333-8FDC-42A3-9474-1A3956D46DE8}") = "Basket", "Basket", "{B4282501-4134-47F4-88FF-77C4AEF8288B}"
EndProject
Project("{9A19103F-16F7-4668-BE54-9A1E7A4F7556}") = "Courses.Services.Basket", "Services\Basket\Courses.Services.Basket\Courses.Services.Basket.csproj", "{0946B5EB-697E-4085-BE74-D9DF70D68DD4}"
EndProject
Project("{2150E333-8FDC-42A3-9474-1A3956D46DE8}") = "Discount", "Discount", "{519340A6-A93C-4D9D-A9B9-8CAE3A084C71}"
EndProject
Project("{9A19103F-16F7-4668-BE54-9A1E7A4F7556}") = "Courses.Services.Discount", "Services\Discount\Courses.Services.Discount\Courses.Services.Discount.csproj", "{B132A743-8CE2-4CD9-9DAF-0945D122400C}"
EndProject
Project("{2150E333-8FDC-42A3-9474-1A3956D46DE8}") = "Order", "Order", "{82305A16-5288-4EEB-85F6-3E4C9D82A6E8}"
EndProject
Project("{FAE04EC0-301F-11D3-BF4B-00C04F79EFBC}") = "Courses.Services.Order.API", "Services\Order\Courses.Services.Order.API\Courses.Services.Order.API.csproj", "{8F3D5F4A-07FD-4565-B1C4-4BEBE321CC5D}"
EndProject
Project("{FAE04EC0-301F-11D3-BF4B-00C04F79EFBC}") = "Courses.Services.Order.Application", "Services\Order\Courses.Services.Order.Application\Courses.Services.Order.Application.csproj", "{4CAF5F01-912D-4946-9039-345434F30EB5}"
EndProject
Project("{FAE04EC0-301F-11D3-BF4B-00C04F79EFBC}") = "Courses.Services.Order.Domain", "Services\Order\Courses.Services.Order.Domain\Courses.Services.Order.Domain.csproj", "{9E8F6651-EAB7-4E85-8CF4-73E8BE95FBE6}"
EndProject
Project("{FAE04EC0-301F-11D3-BF4B-00C04F79EFBC}") = "Courses.Services.Order.Domain.Core", "Services\Order\Courses.Services.Order.Domain.Core\Courses.Services.Order.Domain.Core.csproj", "{E9238781-C584-4EFF-A251-9A9355555395}"
EndProject
Project("{FAE04EC0-301F-11D3-BF4B-00C04F79EFBC}") = "Courses.Services.Order.Infrastructure", "Services\Order\Courses.Services.Order.Infrastructure\Courses.Services.Order.Infrastructure.csproj", "{A8F8D2B8-90D2-4782-933F-0ACDA3FA84C2}"
EndProject
Global
	GlobalSection(SolutionConfigurationPlatforms) = preSolution
		Debug|Any CPU = Debug|Any CPU
		Release|Any CPU = Release|Any CPU
	EndGlobalSection
	GlobalSection(ProjectConfigurationPlatforms) = postSolution
		{52B02E5F-354F-4920-9601-5A379EBE4C37}.Debug|Any CPU.ActiveCfg = Debug|Any CPU
		{52B02E5F-354F-4920-9601-5A379EBE4C37}.Debug|Any CPU.Build.0 = Debug|Any CPU
		{52B02E5F-354F-4920-9601-5A379EBE4C37}.Release|Any CPU.ActiveCfg = Release|Any CPU
		{52B02E5F-354F-4920-9601-5A379EBE4C37}.Release|Any CPU.Build.0 = Release|Any CPU
		{AEE12A5C-F395-45B8-BA23-E655CB3F21A5}.Debug|Any CPU.ActiveCfg = Debug|Any CPU
		{AEE12A5C-F395-45B8-BA23-E655CB3F21A5}.Debug|Any CPU.Build.0 = Debug|Any CPU
		{AEE12A5C-F395-45B8-BA23-E655CB3F21A5}.Release|Any CPU.ActiveCfg = Release|Any CPU
		{AEE12A5C-F395-45B8-BA23-E655CB3F21A5}.Release|Any CPU.Build.0 = Release|Any CPU
		{A8008427-4169-4D9E-8B70-E4475D46C625}.Debug|Any CPU.ActiveCfg = Debug|Any CPU
		{A8008427-4169-4D9E-8B70-E4475D46C625}.Debug|Any CPU.Build.0 = Debug|Any CPU
		{A8008427-4169-4D9E-8B70-E4475D46C625}.Release|Any CPU.ActiveCfg = Release|Any CPU
		{A8008427-4169-4D9E-8B70-E4475D46C625}.Release|Any CPU.Build.0 = Release|Any CPU
		{A7CA7C8D-82CD-4406-A303-2BD36BD4C72F}.Debug|Any CPU.ActiveCfg = Debug|Any CPU
		{A7CA7C8D-82CD-4406-A303-2BD36BD4C72F}.Debug|Any CPU.Build.0 = Debug|Any CPU
		{A7CA7C8D-82CD-4406-A303-2BD36BD4C72F}.Release|Any CPU.ActiveCfg = Release|Any CPU
		{A7CA7C8D-82CD-4406-A303-2BD36BD4C72F}.Release|Any CPU.Build.0 = Release|Any CPU
		{0946B5EB-697E-4085-BE74-D9DF70D68DD4}.Debug|Any CPU.ActiveCfg = Debug|Any CPU
		{0946B5EB-697E-4085-BE74-D9DF70D68DD4}.Debug|Any CPU.Build.0 = Debug|Any CPU
		{0946B5EB-697E-4085-BE74-D9DF70D68DD4}.Release|Any CPU.ActiveCfg = Release|Any CPU
		{0946B5EB-697E-4085-BE74-D9DF70D68DD4}.Release|Any CPU.Build.0 = Release|Any CPU
		{B132A743-8CE2-4CD9-9DAF-0945D122400C}.Debug|Any CPU.ActiveCfg = Debug|Any CPU
		{B132A743-8CE2-4CD9-9DAF-0945D122400C}.Debug|Any CPU.Build.0 = Debug|Any CPU
		{B132A743-8CE2-4CD9-9DAF-0945D122400C}.Release|Any CPU.ActiveCfg = Release|Any CPU
		{B132A743-8CE2-4CD9-9DAF-0945D122400C}.Release|Any CPU.Build.0 = Release|Any CPU
		{8F3D5F4A-07FD-4565-B1C4-4BEBE321CC5D}.Debug|Any CPU.ActiveCfg = Debug|Any CPU
		{8F3D5F4A-07FD-4565-B1C4-4BEBE321CC5D}.Debug|Any CPU.Build.0 = Debug|Any CPU
		{8F3D5F4A-07FD-4565-B1C4-4BEBE321CC5D}.Release|Any CPU.ActiveCfg = Release|Any CPU
		{8F3D5F4A-07FD-4565-B1C4-4BEBE321CC5D}.Release|Any CPU.Build.0 = Release|Any CPU
		{4CAF5F01-912D-4946-9039-345434F30EB5}.Debug|Any CPU.ActiveCfg = Debug|Any CPU
		{4CAF5F01-912D-4946-9039-345434F30EB5}.Debug|Any CPU.Build.0 = Debug|Any CPU
		{4CAF5F01-912D-4946-9039-345434F30EB5}.Release|Any CPU.ActiveCfg = Release|Any CPU
		{4CAF5F01-912D-4946-9039-345434F30EB5}.Release|Any CPU.Build.0 = Release|Any CPU
		{9E8F6651-EAB7-4E85-8CF4-73E8BE95FBE6}.Debug|Any CPU.ActiveCfg = Debug|Any CPU
		{9E8F6651-EAB7-4E85-8CF4-73E8BE95FBE6}.Debug|Any CPU.Build.0 = Debug|Any CPU
		{9E8F6651-EAB7-4E85-8CF4-73E8BE95FBE6}.Release|Any CPU.ActiveCfg = Release|Any CPU
		{9E8F6651-EAB7-4E85-8CF4-73E8BE95FBE6}.Release|Any CPU.Build.0 = Release|Any CPU
		{E9238781-C584-4EFF-A251-9A9355555395}.Debug|Any CPU.ActiveCfg = Debug|Any CPU
		{E9238781-C584-4EFF-A251-9A9355555395}.Debug|Any CPU.Build.0 = Debug|Any CPU
		{E9238781-C584-4EFF-A251-9A9355555395}.Release|Any CPU.ActiveCfg = Release|Any CPU
		{E9238781-C584-4EFF-A251-9A9355555395}.Release|Any CPU.Build.0 = Release|Any CPU
		{A8F8D2B8-90D2-4782-933F-0ACDA3FA84C2}.Debug|Any CPU.ActiveCfg = Debug|Any CPU
		{A8F8D2B8-90D2-4782-933F-0ACDA3FA84C2}.Debug|Any CPU.Build.0 = Debug|Any CPU
		{A8F8D2B8-90D2-4782-933F-0ACDA3FA84C2}.Release|Any CPU.ActiveCfg = Release|Any CPU
		{A8F8D2B8-90D2-4782-933F-0ACDA3FA84C2}.Release|Any CPU.Build.0 = Release|Any CPU
	EndGlobalSection
	GlobalSection(SolutionProperties) = preSolution
		HideSolutionNode = FALSE
	EndGlobalSection
	GlobalSection(NestedProjects) = preSolution
		{68D62DD9-4299-4CDA-99C5-2578432A65E3} = {EB40785E-EE7A-4CA6-8F03-97C45B14EA0E}
		{52B02E5F-354F-4920-9601-5A379EBE4C37} = {68D62DD9-4299-4CDA-99C5-2578432A65E3}
		{AEE12A5C-F395-45B8-BA23-E655CB3F21A5} = {27E1A923-1C88-4D72-AEED-079DF9CE5F92}
		{A8008427-4169-4D9E-8B70-E4475D46C625} = {B3A504C7-4B71-44DF-928A-BDA23321FA8D}
		{49F03043-4E1B-4983-B790-ACB269CA7BD3} = {EB40785E-EE7A-4CA6-8F03-97C45B14EA0E}
		{A7CA7C8D-82CD-4406-A303-2BD36BD4C72F} = {49F03043-4E1B-4983-B790-ACB269CA7BD3}
		{B4282501-4134-47F4-88FF-77C4AEF8288B} = {EB40785E-EE7A-4CA6-8F03-97C45B14EA0E}
		{0946B5EB-697E-4085-BE74-D9DF70D68DD4} = {B4282501-4134-47F4-88FF-77C4AEF8288B}
		{519340A6-A93C-4D9D-A9B9-8CAE3A084C71} = {EB40785E-EE7A-4CA6-8F03-97C45B14EA0E}
		{B132A743-8CE2-4CD9-9DAF-0945D122400C} = {519340A6-A93C-4D9D-A9B9-8CAE3A084C71}
		{82305A16-5288-4EEB-85F6-3E4C9D82A6E8} = {EB40785E-EE7A-4CA6-8F03-97C45B14EA0E}
		{8F3D5F4A-07FD-4565-B1C4-4BEBE321CC5D} = {82305A16-5288-4EEB-85F6-3E4C9D82A6E8}
		{4CAF5F01-912D-4946-9039-345434F30EB5} = {82305A16-5288-4EEB-85F6-3E4C9D82A6E8}
		{9E8F6651-EAB7-4E85-8CF4-73E8BE95FBE6} = {82305A16-5288-4EEB-85F6-3E4C9D82A6E8}
		{E9238781-C584-4EFF-A251-9A9355555395} = {82305A16-5288-4EEB-85F6-3E4C9D82A6E8}
		{A8F8D2B8-90D2-4782-933F-0ACDA3FA84C2} = {82305A16-5288-4EEB-85F6-3E4C9D82A6E8}
	EndGlobalSection
	GlobalSection(ExtensibilityGlobals) = postSolution
		SolutionGuid = {7636AF34-D2EF-4415-B670-4349D02CF8DD}
	EndGlobalSection
EndGlobal
